
Microsoft Visual Studio Solution File, Format Version 12.00
# Visual Studio 15
VisualStudioVersion = 15.0.26228.4
MinimumVisualStudioVersion = 10.0.40219.1
Project("{2150E333-8FDC-42A3-9474-1A3956D46DE8}") = "Core", "Core", "{5769F1D6-EEAB-4D0C-A8AB-54B0A29AE812}"
EndProject
Project("{2150E333-8FDC-42A3-9474-1A3956D46DE8}") = "BLL", "BLL", "{DDB54C4F-7C4E-4FE8-AF92-CA73E78C00A3}"
EndProject
Project("{FAE04EC0-301F-11D3-BF4B-00C04F79EFBC}") = "EMT.DoneNOW.WebAPI", "EMT.DoneNOW.WebAPI\EMT.DoneNOW.WebAPI.csproj", "{76E994C4-BBA0-4926-9BF2-E77AEB626867}"
EndProject
Project("{FAE04EC0-301F-11D3-BF4B-00C04F79EFBC}") = "EMT.DoneNOW.Core", "EMT.DoneNOW.Core\EMT.DoneNOW.Core.csproj", "{EB88BBF3-488C-466F-BF7C-02BD01530D18}"
EndProject
Project("{FAE04EC0-301F-11D3-BF4B-00C04F79EFBC}") = "EMT.DoneNOW.DTO", "EMT.DoneNOW.DTO\EMT.DoneNOW.DTO.csproj", "{4CBD682D-BD97-4D4E-B552-A7E4D4DD6B09}"
EndProject
Project("{2150E333-8FDC-42A3-9474-1A3956D46DE8}") = "EMT.Common", "EMT.Common", "{8475CEB2-B882-4829-B2ED-0DA337E9B563}"
EndProject
Project("{FAE04EC0-301F-11D3-BF4B-00C04F79EFBC}") = "EMT.DoneNOW.DTOMapper", "EMT.DoneNOW.DTOMapper\EMT.DoneNOW.DTOMapper.csproj", "{D7704A5B-1D30-4CA1-A222-5C58DE00C860}"
EndProject
Project("{FAE04EC0-301F-11D3-BF4B-00C04F79EFBC}") = "EMT.Tools", "EMT.Tools\EMT.Tools.csproj", "{6E53E20F-4B91-4489-A6D5-9D188DDC650D}"
EndProject
Project("{FAE04EC0-301F-11D3-BF4B-00C04F79EFBC}") = "EMT.Generators", "EMT.Generators\EMT.Generators.csproj", "{CF95CBFC-6CDC-4C53-897B-919022F08CAD}"
EndProject
Project("{FAE04EC0-301F-11D3-BF4B-00C04F79EFBC}") = "EMT.DoneNOW.BLL", "EMT.DoneNOW.BLL\EMT.DoneNOW.BLL.csproj", "{F4EA164E-A43C-4E1F-A790-867D4B9601AF}"
EndProject
Project("{2150E333-8FDC-42A3-9474-1A3956D46DE8}") = "DAL", "DAL", "{93D58BFA-7488-49EC-B931-F3C09C7A23DB}"
EndProject
Project("{FAE04EC0-301F-11D3-BF4B-00C04F79EFBC}") = "EMT.DoneNOW.DAL", "EMT.DoneNOW.DAL\EMT.DoneNOW.DAL.csproj", "{ADC67B7E-FE81-4832-B5B7-E0B931171F4F}"
EndProject
Project("{FAE04EC0-301F-11D3-BF4B-00C04F79EFBC}") = "EMT.DoneNOW.Web", "EMT.DoneNOW.Web\EMT.DoneNOW.Web.csproj", "{C7193B56-6043-4A78-AD85-65DC2F420516}"
EndProject
Global
	GlobalSection(SolutionConfigurationPlatforms) = preSolution
		Debug|Any CPU = Debug|Any CPU
		Debug|ARM = Debug|ARM
		Debug|x64 = Debug|x64
		Debug|x86 = Debug|x86
		Release|Any CPU = Release|Any CPU
		Release|ARM = Release|ARM
		Release|x64 = Release|x64
		Release|x86 = Release|x86
	EndGlobalSection
	GlobalSection(ProjectConfigurationPlatforms) = postSolution
		{76E994C4-BBA0-4926-9BF2-E77AEB626867}.Debug|Any CPU.ActiveCfg = Debug|Any CPU
		{76E994C4-BBA0-4926-9BF2-E77AEB626867}.Debug|Any CPU.Build.0 = Debug|Any CPU
		{76E994C4-BBA0-4926-9BF2-E77AEB626867}.Debug|ARM.ActiveCfg = Debug|Any CPU
		{76E994C4-BBA0-4926-9BF2-E77AEB626867}.Debug|ARM.Build.0 = Debug|Any CPU
		{76E994C4-BBA0-4926-9BF2-E77AEB626867}.Debug|x64.ActiveCfg = Debug|Any CPU
		{76E994C4-BBA0-4926-9BF2-E77AEB626867}.Debug|x64.Build.0 = Debug|Any CPU
		{76E994C4-BBA0-4926-9BF2-E77AEB626867}.Debug|x86.ActiveCfg = Debug|Any CPU
		{76E994C4-BBA0-4926-9BF2-E77AEB626867}.Debug|x86.Build.0 = Debug|Any CPU
		{76E994C4-BBA0-4926-9BF2-E77AEB626867}.Release|Any CPU.ActiveCfg = Release|Any CPU
		{76E994C4-BBA0-4926-9BF2-E77AEB626867}.Release|Any CPU.Build.0 = Release|Any CPU
		{76E994C4-BBA0-4926-9BF2-E77AEB626867}.Release|ARM.ActiveCfg = Release|Any CPU
		{76E994C4-BBA0-4926-9BF2-E77AEB626867}.Release|ARM.Build.0 = Release|Any CPU
		{76E994C4-BBA0-4926-9BF2-E77AEB626867}.Release|x64.ActiveCfg = Release|Any CPU
		{76E994C4-BBA0-4926-9BF2-E77AEB626867}.Release|x64.Build.0 = Release|Any CPU
		{76E994C4-BBA0-4926-9BF2-E77AEB626867}.Release|x86.ActiveCfg = Release|Any CPU
		{76E994C4-BBA0-4926-9BF2-E77AEB626867}.Release|x86.Build.0 = Release|Any CPU
		{EB88BBF3-488C-466F-BF7C-02BD01530D18}.Debug|Any CPU.ActiveCfg = Debug|Any CPU
		{EB88BBF3-488C-466F-BF7C-02BD01530D18}.Debug|Any CPU.Build.0 = Debug|Any CPU
		{EB88BBF3-488C-466F-BF7C-02BD01530D18}.Debug|ARM.ActiveCfg = Debug|Any CPU
		{EB88BBF3-488C-466F-BF7C-02BD01530D18}.Debug|ARM.Build.0 = Debug|Any CPU
		{EB88BBF3-488C-466F-BF7C-02BD01530D18}.Debug|x64.ActiveCfg = Debug|Any CPU
		{EB88BBF3-488C-466F-BF7C-02BD01530D18}.Debug|x64.Build.0 = Debug|Any CPU
		{EB88BBF3-488C-466F-BF7C-02BD01530D18}.Debug|x86.ActiveCfg = Debug|Any CPU
		{EB88BBF3-488C-466F-BF7C-02BD01530D18}.Debug|x86.Build.0 = Debug|Any CPU
		{EB88BBF3-488C-466F-BF7C-02BD01530D18}.Release|Any CPU.ActiveCfg = Release|Any CPU
		{EB88BBF3-488C-466F-BF7C-02BD01530D18}.Release|Any CPU.Build.0 = Release|Any CPU
		{EB88BBF3-488C-466F-BF7C-02BD01530D18}.Release|ARM.ActiveCfg = Release|Any CPU
		{EB88BBF3-488C-466F-BF7C-02BD01530D18}.Release|ARM.Build.0 = Release|Any CPU
		{EB88BBF3-488C-466F-BF7C-02BD01530D18}.Release|x64.ActiveCfg = Release|Any CPU
		{EB88BBF3-488C-466F-BF7C-02BD01530D18}.Release|x64.Build.0 = Release|Any CPU
		{EB88BBF3-488C-466F-BF7C-02BD01530D18}.Release|x86.ActiveCfg = Release|Any CPU
		{EB88BBF3-488C-466F-BF7C-02BD01530D18}.Release|x86.Build.0 = Release|Any CPU
		{4CBD682D-BD97-4D4E-B552-A7E4D4DD6B09}.Debug|Any CPU.ActiveCfg = Debug|Any CPU
		{4CBD682D-BD97-4D4E-B552-A7E4D4DD6B09}.Debug|Any CPU.Build.0 = Debug|Any CPU
		{4CBD682D-BD97-4D4E-B552-A7E4D4DD6B09}.Debug|ARM.ActiveCfg = Debug|Any CPU
		{4CBD682D-BD97-4D4E-B552-A7E4D4DD6B09}.Debug|ARM.Build.0 = Debug|Any CPU
		{4CBD682D-BD97-4D4E-B552-A7E4D4DD6B09}.Debug|x64.ActiveCfg = Debug|Any CPU
		{4CBD682D-BD97-4D4E-B552-A7E4D4DD6B09}.Debug|x64.Build.0 = Debug|Any CPU
		{4CBD682D-BD97-4D4E-B552-A7E4D4DD6B09}.Debug|x86.ActiveCfg = Debug|Any CPU
		{4CBD682D-BD97-4D4E-B552-A7E4D4DD6B09}.Debug|x86.Build.0 = Debug|Any CPU
		{4CBD682D-BD97-4D4E-B552-A7E4D4DD6B09}.Release|Any CPU.ActiveCfg = Release|Any CPU
		{4CBD682D-BD97-4D4E-B552-A7E4D4DD6B09}.Release|Any CPU.Build.0 = Release|Any CPU
		{4CBD682D-BD97-4D4E-B552-A7E4D4DD6B09}.Release|ARM.ActiveCfg = Release|Any CPU
		{4CBD682D-BD97-4D4E-B552-A7E4D4DD6B09}.Release|ARM.Build.0 = Release|Any CPU
		{4CBD682D-BD97-4D4E-B552-A7E4D4DD6B09}.Release|x64.ActiveCfg = Release|Any CPU
		{4CBD682D-BD97-4D4E-B552-A7E4D4DD6B09}.Release|x64.Build.0 = Release|Any CPU
		{4CBD682D-BD97-4D4E-B552-A7E4D4DD6B09}.Release|x86.ActiveCfg = Release|Any CPU
		{4CBD682D-BD97-4D4E-B552-A7E4D4DD6B09}.Release|x86.Build.0 = Release|Any CPU
		{D7704A5B-1D30-4CA1-A222-5C58DE00C860}.Debug|Any CPU.ActiveCfg = Debug|Any CPU
		{D7704A5B-1D30-4CA1-A222-5C58DE00C860}.Debug|Any CPU.Build.0 = Debug|Any CPU
		{D7704A5B-1D30-4CA1-A222-5C58DE00C860}.Debug|ARM.ActiveCfg = Debug|Any CPU
		{D7704A5B-1D30-4CA1-A222-5C58DE00C860}.Debug|ARM.Build.0 = Debug|Any CPU
		{D7704A5B-1D30-4CA1-A222-5C58DE00C860}.Debug|x64.ActiveCfg = Debug|Any CPU
		{D7704A5B-1D30-4CA1-A222-5C58DE00C860}.Debug|x64.Build.0 = Debug|Any CPU
		{D7704A5B-1D30-4CA1-A222-5C58DE00C860}.Debug|x86.ActiveCfg = Debug|Any CPU
		{D7704A5B-1D30-4CA1-A222-5C58DE00C860}.Debug|x86.Build.0 = Debug|Any CPU
		{D7704A5B-1D30-4CA1-A222-5C58DE00C860}.Release|Any CPU.ActiveCfg = Release|Any CPU
		{D7704A5B-1D30-4CA1-A222-5C58DE00C860}.Release|Any CPU.Build.0 = Release|Any CPU
		{D7704A5B-1D30-4CA1-A222-5C58DE00C860}.Release|ARM.ActiveCfg = Release|Any CPU
		{D7704A5B-1D30-4CA1-A222-5C58DE00C860}.Release|ARM.Build.0 = Release|Any CPU
		{D7704A5B-1D30-4CA1-A222-5C58DE00C860}.Release|x64.ActiveCfg = Release|Any CPU
		{D7704A5B-1D30-4CA1-A222-5C58DE00C860}.Release|x64.Build.0 = Release|Any CPU
		{D7704A5B-1D30-4CA1-A222-5C58DE00C860}.Release|x86.ActiveCfg = Release|Any CPU
		{D7704A5B-1D30-4CA1-A222-5C58DE00C860}.Release|x86.Build.0 = Release|Any CPU
		{6E53E20F-4B91-4489-A6D5-9D188DDC650D}.Debug|Any CPU.ActiveCfg = Debug|Any CPU
		{6E53E20F-4B91-4489-A6D5-9D188DDC650D}.Debug|Any CPU.Build.0 = Debug|Any CPU
		{6E53E20F-4B91-4489-A6D5-9D188DDC650D}.Debug|ARM.ActiveCfg = Debug|Any CPU
		{6E53E20F-4B91-4489-A6D5-9D188DDC650D}.Debug|ARM.Build.0 = Debug|Any CPU
		{6E53E20F-4B91-4489-A6D5-9D188DDC650D}.Debug|x64.ActiveCfg = Debug|Any CPU
		{6E53E20F-4B91-4489-A6D5-9D188DDC650D}.Debug|x64.Build.0 = Debug|Any CPU
		{6E53E20F-4B91-4489-A6D5-9D188DDC650D}.Debug|x86.ActiveCfg = Debug|Any CPU
		{6E53E20F-4B91-4489-A6D5-9D188DDC650D}.Debug|x86.Build.0 = Debug|Any CPU
		{6E53E20F-4B91-4489-A6D5-9D188DDC650D}.Release|Any CPU.ActiveCfg = Release|Any CPU
		{6E53E20F-4B91-4489-A6D5-9D188DDC650D}.Release|Any CPU.Build.0 = Release|Any CPU
		{6E53E20F-4B91-4489-A6D5-9D188DDC650D}.Release|ARM.ActiveCfg = Release|Any CPU
		{6E53E20F-4B91-4489-A6D5-9D188DDC650D}.Release|ARM.Build.0 = Release|Any CPU
		{6E53E20F-4B91-4489-A6D5-9D188DDC650D}.Release|x64.ActiveCfg = Release|Any CPU
		{6E53E20F-4B91-4489-A6D5-9D188DDC650D}.Release|x64.Build.0 = Release|Any CPU
		{6E53E20F-4B91-4489-A6D5-9D188DDC650D}.Release|x86.ActiveCfg = Release|Any CPU
		{6E53E20F-4B91-4489-A6D5-9D188DDC650D}.Release|x86.Build.0 = Release|Any CPU
		{CF95CBFC-6CDC-4C53-897B-919022F08CAD}.Debug|Any CPU.ActiveCfg = Debug|Any CPU
		{CF95CBFC-6CDC-4C53-897B-919022F08CAD}.Debug|Any CPU.Build.0 = Debug|Any CPU
		{CF95CBFC-6CDC-4C53-897B-919022F08CAD}.Debug|ARM.ActiveCfg = Debug|Any CPU
		{CF95CBFC-6CDC-4C53-897B-919022F08CAD}.Debug|ARM.Build.0 = Debug|Any CPU
		{CF95CBFC-6CDC-4C53-897B-919022F08CAD}.Debug|x64.ActiveCfg = Debug|Any CPU
		{CF95CBFC-6CDC-4C53-897B-919022F08CAD}.Debug|x64.Build.0 = Debug|Any CPU
		{CF95CBFC-6CDC-4C53-897B-919022F08CAD}.Debug|x86.ActiveCfg = Debug|Any CPU
		{CF95CBFC-6CDC-4C53-897B-919022F08CAD}.Debug|x86.Build.0 = Debug|Any CPU
		{CF95CBFC-6CDC-4C53-897B-919022F08CAD}.Release|Any CPU.ActiveCfg = Release|Any CPU
		{CF95CBFC-6CDC-4C53-897B-919022F08CAD}.Release|Any CPU.Build.0 = Release|Any CPU
		{CF95CBFC-6CDC-4C53-897B-919022F08CAD}.Release|ARM.ActiveCfg = Release|Any CPU
		{CF95CBFC-6CDC-4C53-897B-919022F08CAD}.Release|ARM.Build.0 = Release|Any CPU
		{CF95CBFC-6CDC-4C53-897B-919022F08CAD}.Release|x64.ActiveCfg = Release|Any CPU
		{CF95CBFC-6CDC-4C53-897B-919022F08CAD}.Release|x64.Build.0 = Release|Any CPU
		{CF95CBFC-6CDC-4C53-897B-919022F08CAD}.Release|x86.ActiveCfg = Release|Any CPU
		{CF95CBFC-6CDC-4C53-897B-919022F08CAD}.Release|x86.Build.0 = Release|Any CPU
		{F4EA164E-A43C-4E1F-A790-867D4B9601AF}.Debug|Any CPU.ActiveCfg = Debug|Any CPU
		{F4EA164E-A43C-4E1F-A790-867D4B9601AF}.Debug|Any CPU.Build.0 = Debug|Any CPU
		{F4EA164E-A43C-4E1F-A790-867D4B9601AF}.Debug|ARM.ActiveCfg = Debug|Any CPU
		{F4EA164E-A43C-4E1F-A790-867D4B9601AF}.Debug|ARM.Build.0 = Debug|Any CPU
		{F4EA164E-A43C-4E1F-A790-867D4B9601AF}.Debug|x64.ActiveCfg = Debug|Any CPU
		{F4EA164E-A43C-4E1F-A790-867D4B9601AF}.Debug|x64.Build.0 = Debug|Any CPU
		{F4EA164E-A43C-4E1F-A790-867D4B9601AF}.Debug|x86.ActiveCfg = Debug|Any CPU
		{F4EA164E-A43C-4E1F-A790-867D4B9601AF}.Debug|x86.Build.0 = Debug|Any CPU
		{F4EA164E-A43C-4E1F-A790-867D4B9601AF}.Release|Any CPU.ActiveCfg = Release|Any CPU
		{F4EA164E-A43C-4E1F-A790-867D4B9601AF}.Release|Any CPU.Build.0 = Release|Any CPU
		{F4EA164E-A43C-4E1F-A790-867D4B9601AF}.Release|ARM.ActiveCfg = Release|Any CPU
		{F4EA164E-A43C-4E1F-A790-867D4B9601AF}.Release|ARM.Build.0 = Release|Any CPU
		{F4EA164E-A43C-4E1F-A790-867D4B9601AF}.Release|x64.ActiveCfg = Release|Any CPU
		{F4EA164E-A43C-4E1F-A790-867D4B9601AF}.Release|x64.Build.0 = Release|Any CPU
		{F4EA164E-A43C-4E1F-A790-867D4B9601AF}.Release|x86.ActiveCfg = Release|Any CPU
		{F4EA164E-A43C-4E1F-A790-867D4B9601AF}.Release|x86.Build.0 = Release|Any CPU
		{ADC67B7E-FE81-4832-B5B7-E0B931171F4F}.Debug|Any CPU.ActiveCfg = Debug|Any CPU
		{ADC67B7E-FE81-4832-B5B7-E0B931171F4F}.Debug|Any CPU.Build.0 = Debug|Any CPU
		{ADC67B7E-FE81-4832-B5B7-E0B931171F4F}.Debug|ARM.ActiveCfg = Debug|Any CPU
		{ADC67B7E-FE81-4832-B5B7-E0B931171F4F}.Debug|ARM.Build.0 = Debug|Any CPU
		{ADC67B7E-FE81-4832-B5B7-E0B931171F4F}.Debug|x64.ActiveCfg = Debug|Any CPU
		{ADC67B7E-FE81-4832-B5B7-E0B931171F4F}.Debug|x64.Build.0 = Debug|Any CPU
		{ADC67B7E-FE81-4832-B5B7-E0B931171F4F}.Debug|x86.ActiveCfg = Debug|Any CPU
		{ADC67B7E-FE81-4832-B5B7-E0B931171F4F}.Debug|x86.Build.0 = Debug|Any CPU
		{ADC67B7E-FE81-4832-B5B7-E0B931171F4F}.Release|Any CPU.ActiveCfg = Release|Any CPU
		{ADC67B7E-FE81-4832-B5B7-E0B931171F4F}.Release|Any CPU.Build.0 = Release|Any CPU
		{ADC67B7E-FE81-4832-B5B7-E0B931171F4F}.Release|ARM.ActiveCfg = Release|Any CPU
		{ADC67B7E-FE81-4832-B5B7-E0B931171F4F}.Release|ARM.Build.0 = Release|Any CPU
		{ADC67B7E-FE81-4832-B5B7-E0B931171F4F}.Release|x64.ActiveCfg = Release|Any CPU
		{ADC67B7E-FE81-4832-B5B7-E0B931171F4F}.Release|x64.Build.0 = Release|Any CPU
		{ADC67B7E-FE81-4832-B5B7-E0B931171F4F}.Release|x86.ActiveCfg = Release|Any CPU
		{ADC67B7E-FE81-4832-B5B7-E0B931171F4F}.Release|x86.Build.0 = Release|Any CPU
		{C7193B56-6043-4A78-AD85-65DC2F420516}.Debug|Any CPU.ActiveCfg = Debug|Any CPU
		{C7193B56-6043-4A78-AD85-65DC2F420516}.Debug|Any CPU.Build.0 = Debug|Any CPU
		{C7193B56-6043-4A78-AD85-65DC2F420516}.Debug|ARM.ActiveCfg = Debug|Any CPU
		{C7193B56-6043-4A78-AD85-65DC2F420516}.Debug|ARM.Build.0 = Debug|Any CPU
		{C7193B56-6043-4A78-AD85-65DC2F420516}.Debug|x64.ActiveCfg = Debug|Any CPU
		{C7193B56-6043-4A78-AD85-65DC2F420516}.Debug|x64.Build.0 = Debug|Any CPU
		{C7193B56-6043-4A78-AD85-65DC2F420516}.Debug|x86.ActiveCfg = Debug|Any CPU
		{C7193B56-6043-4A78-AD85-65DC2F420516}.Debug|x86.Build.0 = Debug|Any CPU
		{C7193B56-6043-4A78-AD85-65DC2F420516}.Release|Any CPU.ActiveCfg = Release|Any CPU
		{C7193B56-6043-4A78-AD85-65DC2F420516}.Release|Any CPU.Build.0 = Release|Any CPU
		{C7193B56-6043-4A78-AD85-65DC2F420516}.Release|ARM.ActiveCfg = Release|Any CPU
		{C7193B56-6043-4A78-AD85-65DC2F420516}.Release|ARM.Build.0 = Release|Any CPU
		{C7193B56-6043-4A78-AD85-65DC2F420516}.Release|x64.ActiveCfg = Release|Any CPU
		{C7193B56-6043-4A78-AD85-65DC2F420516}.Release|x64.Build.0 = Release|Any CPU
		{C7193B56-6043-4A78-AD85-65DC2F420516}.Release|x86.ActiveCfg = Release|Any CPU
		{C7193B56-6043-4A78-AD85-65DC2F420516}.Release|x86.Build.0 = Release|Any CPU
	EndGlobalSection
	GlobalSection(SolutionProperties) = preSolution
		HideSolutionNode = FALSE
	EndGlobalSection
	GlobalSection(NestedProjects) = preSolution
		{EB88BBF3-488C-466F-BF7C-02BD01530D18} = {5769F1D6-EEAB-4D0C-A8AB-54B0A29AE812}
		{4CBD682D-BD97-4D4E-B552-A7E4D4DD6B09} = {5769F1D6-EEAB-4D0C-A8AB-54B0A29AE812}
		{D7704A5B-1D30-4CA1-A222-5C58DE00C860} = {5769F1D6-EEAB-4D0C-A8AB-54B0A29AE812}
		{6E53E20F-4B91-4489-A6D5-9D188DDC650D} = {8475CEB2-B882-4829-B2ED-0DA337E9B563}
		{CF95CBFC-6CDC-4C53-897B-919022F08CAD} = {8475CEB2-B882-4829-B2ED-0DA337E9B563}
		{F4EA164E-A43C-4E1F-A790-867D4B9601AF} = {DDB54C4F-7C4E-4FE8-AF92-CA73E78C00A3}
		{ADC67B7E-FE81-4832-B5B7-E0B931171F4F} = {93D58BFA-7488-49EC-B931-F3C09C7A23DB}
	EndGlobalSection
EndGlobal
